// !$*UTF8*$!
{
	archiveVersion = 1;
	classes = {
	};
	objectVersion = 77;
	objects = {

/* Begin PBXBuildFile section */
		A10000000000000000000001 /* ffmpeg in Embed FFmpeg Tools */ = {isa = PBXBuildFile; fileRef = A10000000000000000000003 /* ffmpeg */; settings = {ATTRIBUTES = (CodeSignOnCopy, ); }; };
		A10000000000000000000002 /* ffprobe in Embed FFmpeg Tools */ = {isa = PBXBuildFile; fileRef = A10000000000000000000004 /* ffprobe */; settings = {ATTRIBUTES = (CodeSignOnCopy, ); }; };
		A20000000000000000000001 /* ProcessHarness in Embed Process Harness */ = {isa = PBXBuildFile; fileRef = A20000000000000000000004 /* ProcessHarness */; settings = {ATTRIBUTES = (CodeSignOnCopy, ); }; };
/* End PBXBuildFile section */

/* Begin PBXContainerItemProxy section */
		2DB037B530051DD400559267 /* PBXContainerItemProxy */ = {
			isa = PBXContainerItemProxy;
			containerPortal = 2DB0379F30051DD200559267 /* Project object */;
			proxyType = 1;
			remoteGlobalIDString = 2DB037A630051DD200559267;
			remoteInfo = Resizer;
		};
		2DB037BF30051DD400559267 /* PBXContainerItemProxy */ = {
			isa = PBXContainerItemProxy;
			containerPortal = 2DB0379F30051DD200559267 /* Project object */;
			proxyType = 1;
			remoteGlobalIDString = 2DB037A630051DD200559267;
			remoteInfo = Resizer;
		};
		A20000000000000000000002 /* PBXContainerItemProxy */ = {
			isa = PBXContainerItemProxy;
			containerPortal = 2DB0379F30051DD200559267 /* Project object */;
			proxyType = 1;
			remoteGlobalIDString = A20000000000000000000010;
			remoteInfo = ProcessHarness;
		};
/* End PBXContainerItemProxy section */

/* Begin PBXCopyFilesBuildPhase section */
		A10000000000000000000005 /* Embed FFmpeg Tools */ = {
			isa = PBXCopyFilesBuildPhase;
			buildActionMask = 2147483647;
			dstPath = "";
			dstSubfolderSpec = 6;
			files = (
				A10000000000000000000001 /* ffmpeg in Embed FFmpeg Tools */,
				A10000000000000000000002 /* ffprobe in Embed FFmpeg Tools */,
			);
			name = "Embed FFmpeg Tools";
			runOnlyForDeploymentPostprocessing = 0;
		};
		A20000000000000000000003 /* Embed Process Harness */ = {
			isa = PBXCopyFilesBuildPhase;
			buildActionMask = 2147483647;
			dstPath = "";
			dstSubfolderSpec = 6;
			files = (
				A20000000000000000000001 /* ProcessHarness in Embed Process Harness */,
			);
			name = "Embed Process Harness";
			runOnlyForDeploymentPostprocessing = 0;
		};
/* End PBXCopyFilesBuildPhase section */

/* Begin PBXFileReference section */
		A10000000000000000000003 /* ffmpeg */ = {isa = PBXFileReference; explicitFileType = "compiled.mach-o.executable"; includeInIndex = 0; path = Vendor/FFmpeg/bin/ffmpeg; sourceTree = SOURCE_ROOT; };
		A10000000000000000000004 /* ffprobe */ = {isa = PBXFileReference; explicitFileType = "compiled.mach-o.executable"; includeInIndex = 0; path = Vendor/FFmpeg/bin/ffprobe; sourceTree = SOURCE_ROOT; };
		A20000000000000000000004 /* ProcessHarness */ = {isa = PBXFileReference; explicitFileType = "compiled.mach-o.executable"; includeInIndex = 0; path = ProcessHarness; sourceTree = BUILT_PRODUCTS_DIR; };
		2DB037A730051DD200559267 /* Resizer.app */ = {isa = PBXFileReference; explicitFileType = wrapper.application; includeInIndex = 0; path = Resizer.app; sourceTree = BUILT_PRODUCTS_DIR; };
		2DB037B430051DD400559267 /* ResizerTests.xctest */ = {isa = PBXFileReference; explicitFileType = wrapper.cfbundle; includeInIndex = 0; path = ResizerTests.xctest; sourceTree = BUILT_PRODUCTS_DIR; };
		2DB037BE30051DD400559267 /* ResizerUITests.xctest */ = {isa = PBXFileReference; explicitFileType = wrapper.cfbundle; includeInIndex = 0; path = ResizerUITests.xctest; sourceTree = BUILT_PRODUCTS_DIR; };
/* End PBXFileReference section */

/* Begin PBXFileSystemSynchronizedRootGroup section */
		2DB037A930051DD200559267 /* Resizer */ = {
			isa = PBXFileSystemSynchronizedRootGroup;
			path = Resizer;
			sourceTree = "<group>";
		};
		2DB037B730051DD400559267 /* ResizerTests */ = {
			isa = PBXFileSystemSynchronizedRootGroup;
			path = ResizerTests;
			sourceTree = "<group>";
		};
		2DB037C130051DD400559267 /* ResizerUITests */ = {
			isa = PBXFileSystemSynchronizedRootGroup;
			path = ResizerUITests;
			sourceTree = "<group>";
		};
		A20000000000000000000005 /* ProcessHarness */ = {
			isa = PBXFileSystemSynchronizedRootGroup;
			path = Tests/ProcessHarness;
			sourceTree = "<group>";
		};
/* End PBXFileSystemSynchronizedRootGroup section */

/* Begin PBXFrameworksBuildPhase section */
		2DB037A430051DD200559267 /* Frameworks */ = {
			isa = PBXFrameworksBuildPhase;
			buildActionMask = 2147483647;
			files = (
			);
			runOnlyForDeploymentPostprocessing = 0;
		};
		2DB037B130051DD400559267 /* Frameworks */ = {
			isa = PBXFrameworksBuildPhase;
			buildActionMask = 2147483647;
			files = (
			);
			runOnlyForDeploymentPostprocessing = 0;
		};
		2DB037BB30051DD400559267 /* Frameworks */ = {
			isa = PBXFrameworksBuildPhase;
			buildActionMask = 2147483647;
			files = (
			);
			runOnlyForDeploymentPostprocessing = 0;
		};
		A20000000000000000000006 /* Frameworks */ = {
			isa = PBXFrameworksBuildPhase;
			buildActionMask = 2147483647;
			files = (
			);
			runOnlyForDeploymentPostprocessing = 0;
		};
/* End PBXFrameworksBuildPhase section */

/* Begin PBXGroup section */
		2DB0379E30051DD200559267 = {
			isa = PBXGroup;
			children = (
				2DB037A930051DD200559267 /* Resizer */,
				2DB037B730051DD400559267 /* ResizerTests */,
				2DB037C130051DD400559267 /* ResizerUITests */,
				A20000000000000000000005 /* ProcessHarness */,
				A10000000000000000000006 /* Bundled Tools */,
				2DB037A830051DD200559267 /* Products */,
			);
			sourceTree = "<group>";
		};
		A10000000000000000000006 /* Bundled Tools */ = {
			isa = PBXGroup;
			children = (
				A10000000000000000000003 /* ffmpeg */,
				A10000000000000000000004 /* ffprobe */,
			);
			name = "Bundled Tools";
			sourceTree = "<group>";
		};
		2DB037A830051DD200559267 /* Products */ = {
			isa = PBXGroup;
			children = (
				2DB037A730051DD200559267 /* Resizer.app */,
				2DB037B430051DD400559267 /* ResizerTests.xctest */,
				2DB037BE30051DD400559267 /* ResizerUITests.xctest */,
				A20000000000000000000004 /* ProcessHarness */,
			);
			name = Products;
			sourceTree = "<group>";
		};
/* End PBXGroup section */

/* Begin PBXNativeTarget section */
		2DB037A630051DD200559267 /* Resizer */ = {
			isa = PBXNativeTarget;
			buildConfigurationList = 2DB037C830051DD400559267 /* Build configuration list for PBXNativeTarget "Resizer" */;
			buildPhases = (
				2DB037A330051DD200559267 /* Sources */,
				2DB037A430051DD200559267 /* Frameworks */,
				2DB037A530051DD200559267 /* Resources */,
				A10000000000000000000005 /* Embed FFmpeg Tools */,
			);
			buildRules = (
			);
			dependencies = (
			);
			fileSystemSynchronizedGroups = (
				2DB037A930051DD200559267 /* Resizer */,
			);
			name = Resizer;
			packageProductDependencies = (
			);
			productName = Resizer;
			productReference = 2DB037A730051DD200559267 /* Resizer.app */;
			productType = "com.apple.product-type.application";
		};
		2DB037B330051DD400559267 /* ResizerTests */ = {
			isa = PBXNativeTarget;
			buildConfigurationList = 2DB037CB30051DD400559267 /* Build configuration list for PBXNativeTarget "ResizerTests" */;
			buildPhases = (
				2DB037B030051DD400559267 /* Sources */,
				2DB037B130051DD400559267 /* Frameworks */,
				2DB037B230051DD400559267 /* Resources */,
				A20000000000000000000003 /* Embed Process Harness */,
			);
			buildRules = (
			);
			dependencies = (
				2DB037B630051DD400559267 /* PBXTargetDependency */,
				A20000000000000000000008 /* PBXTargetDependency */,
			);
			fileSystemSynchronizedGroups = (
				2DB037B730051DD400559267 /* ResizerTests */,
			);
			name = ResizerTests;
			packageProductDependencies = (
			);
			productName = ResizerTests;
			productReference = 2DB037B430051DD400559267 /* ResizerTests.xctest */;
			productType = "com.apple.product-type.bundle.unit-test";
		};
		2DB037BD30051DD400559267 /* ResizerUITests */ = {
			isa = PBXNativeTarget;
			buildConfigurationList = 2DB037CE30051DD400559267 /* Build configuration list for PBXNativeTarget "ResizerUITests" */;
			buildPhases = (
				2DB037BA30051DD400559267 /* Sources */,
				2DB037BB30051DD400559267 /* Frameworks */,
				2DB037BC30051DD400559267 /* Resources */,
			);
			buildRules = (
			);
			dependencies = (
				2DB037C030051DD400559267 /* PBXTargetDependency */,
			);
			fileSystemSynchronizedGroups = (
				2DB037C130051DD400559267 /* ResizerUITests */,
			);
			name = ResizerUITests;
			packageProductDependencies = (
			);
			productName = ResizerUITests;
			productReference = 2DB037BE30051DD400559267 /* ResizerUITests.xctest */;
			productType = "com.apple.product-type.bundle.ui-testing";
		};
		A20000000000000000000010 /* ProcessHarness */ = {
			isa = PBXNativeTarget;
			buildConfigurationList = A20000000000000000000013 /* Build configuration list for PBXNativeTarget "ProcessHarness" */;
			buildPhases = (
				A20000000000000000000007 /* Sources */,
				A20000000000000000000006 /* Frameworks */,
			);
			buildRules = (
			);
			dependencies = (
			);
			fileSystemSynchronizedGroups = (
				A20000000000000000000005 /* ProcessHarness */,
			);
			name = ProcessHarness;
			packageProductDependencies = (
			);
			productName = ProcessHarness;
			productReference = A20000000000000000000004 /* ProcessHarness */;
			productType = "com.apple.product-type.tool";
		};
/* End PBXNativeTarget section */

/* Begin PBXProject section */
		2DB0379F30051DD200559267 /* Project object */ = {
			isa = PBXProject;
			attributes = {
				BuildIndependentTargetsInParallel = 1;
				LastSwiftUpdateCheck = 2620;
				LastUpgradeCheck = 2620;
				TargetAttributes = {
					2DB037A630051DD200559267 = {
						CreatedOnToolsVersion = 26.2;
					};
					2DB037B330051DD400559267 = {
						CreatedOnToolsVersion = 26.2;
						TestTargetID = 2DB037A630051DD200559267;
					};
					2DB037BD30051DD400559267 = {
						CreatedOnToolsVersion = 26.2;
						TestTargetID = 2DB037A630051DD200559267;
					};
					A20000000000000000000010 = {
						CreatedOnToolsVersion = 26.2;
					};
				};
			};
			buildConfigurationList = 2DB037A230051DD200559267 /* Build configuration list for PBXProject "Resizer" */;
			developmentRegion = en;
			hasScannedForEncodings = 0;
			knownRegions = (
				en,
				Base,
			);
			mainGroup = 2DB0379E30051DD200559267;
			minimizedProjectReferenceProxies = 1;
			preferredProjectObjectVersion = 77;
			productRefGroup = 2DB037A830051DD200559267 /* Products */;
			projectDirPath = "";
			projectRoot = "";
			targets = (
				2DB037A630051DD200559267 /* Resizer */,
				2DB037B330051DD400559267 /* ResizerTests */,
				2DB037BD30051DD400559267 /* ResizerUITests */,
				A20000000000000000000010 /* ProcessHarness */,
			);
		};
/* End PBXProject section */

/* Begin PBXResourcesBuildPhase section */
		2DB037A530051DD200559267 /* Resources */ = {
			isa = PBXResourcesBuildPhase;
			buildActionMask = 2147483647;
			files = (
			);
			runOnlyForDeploymentPostprocessing = 0;
		};
		2DB037B230051DD400559267 /* Resources */ = {
			isa = PBXResourcesBuildPhase;
			buildActionMask = 2147483647;
			files = (
			);
			runOnlyForDeploymentPostprocessing = 0;
		};
		2DB037BC30051DD400559267 /* Resources */ = {
			isa = PBXResourcesBuildPhase;
			buildActionMask = 2147483647;
			files = (
			);
			runOnlyForDeploymentPostprocessing = 0;
		};
/* End PBXResourcesBuildPhase section */

/* Begin PBXSourcesBuildPhase section */
		2DB037A330051DD200559267 /* Sources */ = {
			isa = PBXSourcesBuildPhase;
			buildActionMask = 2147483647;
			files = (
			);
			runOnlyForDeploymentPostprocessing = 0;
		};
		2DB037B030051DD400559267 /* Sources */ = {
			isa = PBXSourcesBuildPhase;
			buildActionMask = 2147483647;
			files = (
			);
			runOnlyForDeploymentPostprocessing = 0;
		};
		2DB037BA30051DD400559267 /* Sources */ = {
			isa = PBXSourcesBuildPhase;
			buildActionMask = 2147483647;
			files = (
			);
			runOnlyForDeploymentPostprocessing = 0;
		};
		A20000000000000000000007 /* Sources */ = {
			isa = PBXSourcesBuildPhase;
			buildActionMask = 2147483647;
			files = (
			);
			runOnlyForDeploymentPostprocessing = 0;
		};
/* End PBXSourcesBuildPhase section */

/* Begin PBXTargetDependency section */
		2DB037B630051DD400559267 /* PBXTargetDependency */ = {
			isa = PBXTargetDependency;
			target = 2DB037A630051DD200559267 /* Resizer */;
			targetProxy = 2DB037B530051DD400559267 /* PBXContainerItemProxy */;
		};
		2DB037C030051DD400559267 /* PBXTargetDependency */ = {
			isa = PBXTargetDependency;
			target = 2DB037A630051DD200559267 /* Resizer */;
			targetProxy = 2DB037BF30051DD400559267 /* PBXContainerItemProxy */;
		};
		A20000000000000000000008 /* PBXTargetDependency */ = {
			isa = PBXTargetDependency;
			target = A20000000000000000000010 /* ProcessHarness */;
			targetProxy = A20000000000000000000002 /* PBXContainerItemProxy */;
		};
/* End PBXTargetDependency section */

/* Begin XCBuildConfiguration section */
		2DB037C630051DD400559267 /* Debug */ = {
			isa = XCBuildConfiguration;
			buildSettings = {
				ALWAYS_SEARCH_USER_PATHS = NO;
				ARCHS = "$(ARCHS_STANDARD)";
				ASSETCATALOG_COMPILER_GENERATE_SWIFT_ASSET_SYMBOL_EXTENSIONS = YES;
				CLANG_ANALYZER_NONNULL = YES;
				CLANG_ANALYZER_NUMBER_OBJECT_CONVERSION = YES_AGGRESSIVE;
				CLANG_CXX_LANGUAGE_STANDARD = "gnu++20";
				CLANG_ENABLE_MODULES = YES;
				CLANG_ENABLE_OBJC_ARC = YES;
				CLANG_ENABLE_OBJC_WEAK = YES;
				CLANG_WARN_BLOCK_CAPTURE_AUTORELEASING = YES;
				CLANG_WARN_BOOL_CONVERSION = YES;
				CLANG_WARN_COMMA = YES;
				CLANG_WARN_CONSTANT_CONVERSION = YES;
				CLANG_WARN_DEPRECATED_OBJC_IMPLEMENTATIONS = YES;
				CLANG_WARN_DIRECT_OBJC_ISA_USAGE = YES_ERROR;
				CLANG_WARN_DOCUMENTATION_COMMENTS = YES;
				CLANG_WARN_EMPTY_BODY = YES;
				CLANG_WARN_ENUM_CONVERSION = YES;
				CLANG_WARN_INFINITE_RECURSION = YES;
				CLANG_WARN_INT_CONVERSION = YES;
				CLANG_WARN_NON_LITERAL_NULL_CONVERSION = YES;
				CLANG_WARN_OBJC_IMPLICIT_RETAIN_SELF = YES;
				CLANG_WARN_OBJC_LITERAL_CONVERSION = YES;
				CLANG_WARN_OBJC_ROOT_CLASS = YES_ERROR;
				CLANG_WARN_QUOTED_INCLUDE_IN_FRAMEWORK_HEADER = YES;
				CLANG_WARN_RANGE_LOOP_ANALYSIS = YES;
				CLANG_WARN_STRICT_PROTOTYPES = YES;
				CLANG_WARN_SUSPICIOUS_MOVE = YES;
				CLANG_WARN_UNGUARDED_AVAILABILITY = YES_AGGRESSIVE;
				CLANG_WARN_UNREACHABLE_CODE = YES;
				CLANG_WARN__DUPLICATE_METHOD_MATCH = YES;
				COPY_PHASE_STRIP = NO;
				DEBUG_INFORMATION_FORMAT = dwarf;
				ENABLE_STRICT_OBJC_MSGSEND = YES;
				ENABLE_TESTABILITY = YES;
				ENABLE_USER_SCRIPT_SANDBOXING = YES;
				GCC_C_LANGUAGE_STANDARD = gnu17;
				GCC_DYNAMIC_NO_PIC = NO;
				GCC_NO_COMMON_BLOCKS = YES;
				GCC_OPTIMIZATION_LEVEL = 0;
				GCC_PREPROCESSOR_DEFINITIONS = (
					"DEBUG=1",
					"$(inherited)",
				);
				GCC_WARN_64_TO_32_BIT_CONVERSION = YES;
				GCC_WARN_ABOUT_RETURN_TYPE = YES_ERROR;
				GCC_WARN_UNDECLARED_SELECTOR = YES;
				GCC_WARN_UNINITIALIZED_AUTOS = YES_AGGRESSIVE;
				GCC_WARN_UNUSED_FUNCTION = YES;
				GCC_WARN_UNUSED_VARIABLE = YES;
				LOCALIZATION_PREFERS_STRING_CATALOGS = YES;
				MACOSX_DEPLOYMENT_TARGET = 14.0;
				MTL_ENABLE_DEBUG_INFO = INCLUDE_SOURCE;
				MTL_FAST_MATH = YES;
				ONLY_ACTIVE_ARCH = YES;
				SDKROOT = macosx;
				SWIFT_ACTIVE_COMPILATION_CONDITIONS = "DEBUG $(inherited)";
				SWIFT_OPTIMIZATION_LEVEL = "-Onone";
			};
			name = Debug;
		};
		2DB037C730051DD400559267 /* Release */ = {
			isa = XCBuildConfiguration;
			buildSettings = {
				ALWAYS_SEARCH_USER_PATHS = NO;
				ARCHS = "$(ARCHS_STANDARD)";
				ASSETCATALOG_COMPILER_GENERATE_SWIFT_ASSET_SYMBOL_EXTENSIONS = YES;
				CLANG_ANALYZER_NONNULL = YES;
				CLANG_ANALYZER_NUMBER_OBJECT_CONVERSION = YES_AGGRESSIVE;
				CLANG_CXX_LANGUAGE_STANDARD = "gnu++20";
				CLANG_ENABLE_MODULES = YES;
				CLANG_ENABLE_OBJC_ARC = YES;
				CLANG_ENABLE_OBJC_WEAK = YES;
				CLANG_WARN_BLOCK_CAPTURE_AUTORELEASING = YES;
				CLANG_WARN_BOOL_CONVERSION = YES;
				CLANG_WARN_COMMA = YES;
				CLANG_WARN_CONSTANT_CONVERSION = YES;
				CLANG_WARN_DEPRECATED_OBJC_IMPLEMENTATIONS = YES;
				CLANG_WARN_DIRECT_OBJC_ISA_USAGE = YES_ERROR;
				CLANG_WARN_DOCUMENTATION_COMMENTS = YES;
				CLANG_WARN_EMPTY_BODY = YES;
				CLANG_WARN_ENUM_CONVERSION = YES;
				CLANG_WARN_INFINITE_RECURSION = YES;
				CLANG_WARN_INT_CONVERSION = YES;
				CLANG_WARN_NON_LITERAL_NULL_CONVERSION = YES;
				CLANG_WARN_OBJC_IMPLICIT_RETAIN_SELF = YES;
				CLANG_WARN_OBJC_LITERAL_CONVERSION = YES;
				CLANG_WARN_OBJC_ROOT_CLASS = YES_ERROR;
				CLANG_WARN_QUOTED_INCLUDE_IN_FRAMEWORK_HEADER = YES;
				CLANG_WARN_RANGE_LOOP_ANALYSIS = YES;
				CLANG_WARN_STRICT_PROTOTYPES = YES;
				CLANG_WARN_SUSPICIOUS_MOVE = YES;
				CLANG_WARN_UNGUARDED_AVAILABILITY = YES_AGGRESSIVE;
				CLANG_WARN_UNREACHABLE_CODE = YES;
				CLANG_WARN__DUPLICATE_METHOD_MATCH = YES;
				COPY_PHASE_STRIP = NO;
				DEBUG_INFORMATION_FORMAT = "dwarf-with-dsym";
				ENABLE_NS_ASSERTIONS = NO;
				ENABLE_STRICT_OBJC_MSGSEND = YES;
				ENABLE_USER_SCRIPT_SANDBOXING = YES;
				GCC_C_LANGUAGE_STANDARD = gnu17;
				GCC_NO_COMMON_BLOCKS = YES;
				GCC_WARN_64_TO_32_BIT_CONVERSION = YES;
				GCC_WARN_ABOUT_RETURN_TYPE = YES_ERROR;
				GCC_WARN_UNDECLARED_SELECTOR = YES;
				GCC_WARN_UNINITIALIZED_AUTOS = YES_AGGRESSIVE;
				GCC_WARN_UNUSED_FUNCTION = YES;
				GCC_WARN_UNUSED_VARIABLE = YES;
				LOCALIZATION_PREFERS_STRING_CATALOGS = YES;
				MACOSX_DEPLOYMENT_TARGET = 14.0;
				MTL_ENABLE_DEBUG_INFO = NO;
				MTL_FAST_MATH = YES;
				SDKROOT = macosx;
				SWIFT_COMPILATION_MODE = wholemodule;
			};
			name = Release;
		};
		2DB037C930051DD400559267 /* Debug */ = {
			isa = XCBuildConfiguration;
			buildSettings = {
				ASSETCATALOG_COMPILER_APPICON_NAME = AppIcon;
				ASSETCATALOG_COMPILER_GLOBAL_ACCENT_COLOR_NAME = AccentColor;
				CODE_SIGN_ENTITLEMENTS = Configuration/Resizer.entitlements;
				CODE_SIGN_STYLE = Automatic;
				COMBINE_HIDPI_IMAGES = YES;
				CURRENT_PROJECT_VERSION = 1;
				ENABLE_APP_SANDBOX = YES;
				ENABLE_HARDENED_RUNTIME = YES;
				ENABLE_PREVIEWS = YES;
				ENABLE_USER_SELECTED_FILES = readwrite;
				GENERATE_INFOPLIST_FILE = YES;
				INFOPLIST_KEY_NSHumanReadableCopyright = "";
				LD_RUNPATH_SEARCH_PATHS = (
					"$(inherited)",
					"@executable_path/../Frameworks",
				);
				MARKETING_VERSION = 1.0;
				PRODUCT_BUNDLE_IDENTIFIER = com.example.Resizer;
				PRODUCT_NAME = "$(TARGET_NAME)";
				REGISTER_APP_GROUPS = NO;
				STRING_CATALOG_GENERATE_SYMBOLS = YES;
				SWIFT_APPROACHABLE_CONCURRENCY = YES;
				SWIFT_DEFAULT_ACTOR_ISOLATION = MainActor;
				SWIFT_EMIT_LOC_STRINGS = YES;
				SWIFT_UPCOMING_FEATURE_MEMBER_IMPORT_VISIBILITY = YES;
				SWIFT_STRICT_CONCURRENCY = complete;
				SWIFT_VERSION = 6.0;
			};
			name = Debug;
		};
		2DB037CA30051DD400559267 /* Release */ = {
			isa = XCBuildConfiguration;
			buildSettings = {
				ASSETCATALOG_COMPILER_APPICON_NAME = AppIcon;
				ASSETCATALOG_COMPILER_GLOBAL_ACCENT_COLOR_NAME = AccentColor;
				CODE_SIGN_ENTITLEMENTS = Configuration/Resizer.entitlements;
				CODE_SIGN_STYLE = Automatic;
				COMBINE_HIDPI_IMAGES = YES;
				CURRENT_PROJECT_VERSION = 1;
				ENABLE_APP_SANDBOX = YES;
				ENABLE_HARDENED_RUNTIME = YES;
				ENABLE_PREVIEWS = YES;
				ENABLE_USER_SELECTED_FILES = readwrite;
				GENERATE_INFOPLIST_FILE = YES;
				INFOPLIST_KEY_NSHumanReadableCopyright = "";
				LD_RUNPATH_SEARCH_PATHS = (
					"$(inherited)",
					"@executable_path/../Frameworks",
				);
				MARKETING_VERSION = 1.0;
				PRODUCT_BUNDLE_IDENTIFIER = com.example.Resizer;
				PRODUCT_NAME = "$(TARGET_NAME)";
				REGISTER_APP_GROUPS = NO;
				STRING_CATALOG_GENERATE_SYMBOLS = YES;
				SWIFT_APPROACHABLE_CONCURRENCY = YES;
				SWIFT_DEFAULT_ACTOR_ISOLATION = MainActor;
				SWIFT_EMIT_LOC_STRINGS = YES;
				SWIFT_UPCOMING_FEATURE_MEMBER_IMPORT_VISIBILITY = YES;
				SWIFT_STRICT_CONCURRENCY = complete;
				SWIFT_VERSION = 6.0;
			};
			name = Release;
		};
		2DB037CC30051DD400559267 /* Debug */ = {
			isa = XCBuildConfiguration;
			buildSettings = {
				BUNDLE_LOADER = "$(TEST_HOST)";
				CODE_SIGN_STYLE = Automatic;
				CURRENT_PROJECT_VERSION = 1;
				GENERATE_INFOPLIST_FILE = YES;
				MACOSX_DEPLOYMENT_TARGET = 14.0;
				MARKETING_VERSION = 1.0;
				PRODUCT_BUNDLE_IDENTIFIER = com.example.ResizerTests;
				PRODUCT_NAME = "$(TARGET_NAME)";
				STRING_CATALOG_GENERATE_SYMBOLS = NO;
				SWIFT_APPROACHABLE_CONCURRENCY = YES;
				SWIFT_EMIT_LOC_STRINGS = NO;
				SWIFT_UPCOMING_FEATURE_MEMBER_IMPORT_VISIBILITY = YES;
				SWIFT_STRICT_CONCURRENCY = complete;
				SWIFT_VERSION = 6.0;
				TEST_HOST = "$(BUILT_PRODUCTS_DIR)/Resizer.app/$(BUNDLE_EXECUTABLE_FOLDER_PATH)/Resizer";
			};
			name = Debug;
		};
		2DB037CD30051DD400559267 /* Release */ = {
			isa = XCBuildConfiguration;
			buildSettings = {
				BUNDLE_LOADER = "$(TEST_HOST)";
				CODE_SIGN_STYLE = Automatic;
				CURRENT_PROJECT_VERSION = 1;
				GENERATE_INFOPLIST_FILE = YES;
				MACOSX_DEPLOYMENT_TARGET = 14.0;
				MARKETING_VERSION = 1.0;
				PRODUCT_BUNDLE_IDENTIFIER = com.example.ResizerTests;
				PRODUCT_NAME = "$(TARGET_NAME)";
				STRING_CATALOG_GENERATE_SYMBOLS = NO;
				SWIFT_APPROACHABLE_CONCURRENCY = YES;
				SWIFT_EMIT_LOC_STRINGS = NO;
				SWIFT_UPCOMING_FEATURE_MEMBER_IMPORT_VISIBILITY = YES;
				SWIFT_STRICT_CONCURRENCY = complete;
				SWIFT_VERSION = 6.0;
				TEST_HOST = "$(BUILT_PRODUCTS_DIR)/Resizer.app/$(BUNDLE_EXECUTABLE_FOLDER_PATH)/Resizer";
			};
			name = Release;
		};
		2DB037CF30051DD400559267 /* Debug */ = {
			isa = XCBuildConfiguration;
			buildSettings = {
				CODE_SIGN_STYLE = Automatic;
				CURRENT_PROJECT_VERSION = 1;
				GENERATE_INFOPLIST_FILE = YES;
				MARKETING_VERSION = 1.0;
				PRODUCT_BUNDLE_IDENTIFIER = com.example.ResizerUITests;
				PRODUCT_NAME = "$(TARGET_NAME)";
				STRING_CATALOG_GENERATE_SYMBOLS = NO;
				SWIFT_APPROACHABLE_CONCURRENCY = YES;
				SWIFT_EMIT_LOC_STRINGS = NO;
				SWIFT_UPCOMING_FEATURE_MEMBER_IMPORT_VISIBILITY = YES;
				SWIFT_STRICT_CONCURRENCY = complete;
				SWIFT_VERSION = 6.0;
				TEST_TARGET_NAME = Resizer;
			};
			name = Debug;
		};
		2DB037D030051DD400559267 /* Release */ = {
			isa = XCBuildConfiguration;
			buildSettings = {
				CODE_SIGN_STYLE = Automatic;
				CURRENT_PROJECT_VERSION = 1;
				GENERATE_INFOPLIST_FILE = YES;
				MARKETING_VERSION = 1.0;
				PRODUCT_BUNDLE_IDENTIFIER = com.example.ResizerUITests;
				PRODUCT_NAME = "$(TARGET_NAME)";
				STRING_CATALOG_GENERATE_SYMBOLS = NO;
				SWIFT_APPROACHABLE_CONCURRENCY = YES;
				SWIFT_EMIT_LOC_STRINGS = NO;
				SWIFT_UPCOMING_FEATURE_MEMBER_IMPORT_VISIBILITY = YES;
				SWIFT_STRICT_CONCURRENCY = complete;
				SWIFT_VERSION = 6.0;
				TEST_TARGET_NAME = Resizer;
			};
			name = Release;
		};
		A20000000000000000000011 /* Debug */ = {
			isa = XCBuildConfiguration;
			buildSettings = {
				CLANG_ENABLE_CODE_COVERAGE = NO;
				CODE_SIGN_ENTITLEMENTS = Configuration/FFmpegHelper.entitlements;
				CODE_SIGN_STYLE = Automatic;
				ENABLE_APP_SANDBOX = YES;
				ENABLE_CODE_COVERAGE = NO;
				ENABLE_HARDENED_RUNTIME = YES;
				MACOSX_DEPLOYMENT_TARGET = 14.0;
				PRODUCT_NAME = "$(TARGET_NAME)";
				SKIP_INSTALL = YES;
			};
			name = Debug;
		};
		A20000000000000000000012 /* Release */ = {
			isa = XCBuildConfiguration;
			buildSettings = {
				CLANG_ENABLE_CODE_COVERAGE = NO;
				CODE_SIGN_ENTITLEMENTS = Configuration/FFmpegHelper.entitlements;
				CODE_SIGN_STYLE = Automatic;
				ENABLE_APP_SANDBOX = YES;
				ENABLE_CODE_COVERAGE = NO;
				ENABLE_HARDENED_RUNTIME = YES;
				MACOSX_DEPLOYMENT_TARGET = 14.0;
				PRODUCT_NAME = "$(TARGET_NAME)";
				SKIP_INSTALL = YES;
			};
			name = Release;
		};
/* End XCBuildConfiguration section */

/* Begin XCConfigurationList section */
		2DB037A230051DD200559267 /* Build configuration list for PBXProject "Resizer" */ = {
			isa = XCConfigurationList;
			buildConfigurations = (
				2DB037C630051DD400559267 /* Debug */,
				2DB037C730051DD400559267 /* Release */,
			);
			defaultConfigurationIsVisible = 0;
			defaultConfigurationName = Release;
		};
		2DB037C830051DD400559267 /* Build configuration list for PBXNativeTarget "Resizer" */ = {
			isa = XCConfigurationList;
			buildConfigurations = (
				2DB037C930051DD400559267 /* Debug */,
				2DB037CA30051DD400559267 /* Release */,
			);
			defaultConfigurationIsVisible = 0;
			defaultConfigurationName = Release;
		};
		2DB037CB30051DD400559267 /* Build configuration list for PBXNativeTarget "ResizerTests" */ = {
			isa = XCConfigurationList;
			buildConfigurations = (
				2DB037CC30051DD400559267 /* Debug */,
				2DB037CD30051DD400559267 /* Release */,
			);
			defaultConfigurationIsVisible = 0;
			defaultConfigurationName = Release;
		};
		2DB037CE30051DD400559267 /* Build configuration list for PBXNativeTarget "ResizerUITests" */ = {
			isa = XCConfigurationList;
			buildConfigurations = (
				2DB037CF30051DD400559267 /* Debug */,
				2DB037D030051DD400559267 /* Release */,
			);
			defaultConfigurationIsVisible = 0;
			defaultConfigurationName = Release;
		};
		A20000000000000000000013 /* Build configuration list for PBXNativeTarget "ProcessHarness" */ = {
			isa = XCConfigurationList;
			buildConfigurations = (
				A20000000000000000000011 /* Debug */,
				A20000000000000000000012 /* Release */,
			);
			defaultConfigurationIsVisible = 0;
			defaultConfigurationName = Release;
		};
/* End XCConfigurationList section */
	};
	rootObject = 2DB0379F30051DD200559267 /* Project object */;
}
